
Microsoft Visual Studio Solution File, Format Version 12.00
# Visual Studio 15
Project("{FAE04EC0-301F-11D3-BF4B-00C04F79EFBC}") = "poo_olamundo", "poo_olamundo\poo_olamundo.csproj", "{0CA99030-FF28-4EFD-A7E9-7DA1440DA827}"
EndProject
Global
	GlobalSection(SolutionConfigurationPlatforms) = preSolution
		Debug|Any CPU = Debug|Any CPU
		Release|Any CPU = Release|Any CPU
	EndGlobalSection
	GlobalSection(ProjectConfigurationPlatforms) = postSolution
		{0CA99030-FF28-4EFD-A7E9-7DA1440DA827}.Debug|Any CPU.ActiveCfg = Debug|Any CPU
		{0CA99030-FF28-4EFD-A7E9-7DA1440DA827}.Debug|Any CPU.Build.0 = Debug|Any CPU
		{0CA99030-FF28-4EFD-A7E9-7DA1440DA827}.Release|Any CPU.ActiveCfg = Release|Any CPU
		{0CA99030-FF28-4EFD-A7E9-7DA1440DA827}.Release|Any CPU.Build.0 = Release|Any CPU
	EndGlobalSection
EndGlobal
